{"filter":false,"title":"Gemfile.lock","tooltip":"/thetransylvaniandeliveryservice/Gemfile.lock","undoManager":{"mark":-1,"position":-1,"stack":[]},"ace":{"folds":[],"scrolltop":2693,"scrollleft":0,"selection":{"start":{"row":53,"column":0},"end":{"row":53,"column":0},"isBackwards":false},"options":{"guessTabSize":true,"useWrapMode":false,"wrapToView":true},"firstLineState":{"row":27,"state":"start","mode":"ace/mode/text"}},"hash":"bf334fa359084608e5aecc8ae73c753458ff8c4c","timestamp":1535183229757}